schema: '2.0'
stages:
  generate:
    cmd: python -m src.generate --seed 0 --n-riders 20000 --n-drivers 3000 --n-rings 50 --tag wk00
    deps:
    - path: src/generate.py
      hash: md5
      md5: 59c69610c5f64e000ed0501d917a4daf
      size: 15842
    params:
      params.yaml:
        generate:
          seed: 0
          n_riders: 20000
          n_drivers: 3000
          n_rings: 50
          tag: wk00
    outs:
    - path: data/graph_snapshots/wk00/drivers.parquet
      hash: md5
      md5: 5c06931613e313b4f1672345fbb4e1ed
      size: 35390
    - path: data/graph_snapshots/wk00/metadata.json
      hash: md5
      md5: 51ab9000595ba191938b1d8f55765617
      size: 144
    - path: data/graph_snapshots/wk00/riders.parquet
      hash: md5
      md5: 37c24a6592b7ce9d856b34c8c6543053
      size: 225477
    - path: data/graph_snapshots/wk00/trips.parquet
      hash: md5
      md5: 9e7388867967cd235ffa5bc118ee63d0
      size: 3182675
    - path: data/processed/drivers.parquet
      hash: md5
      md5: 5c06931613e313b4f1672345fbb4e1ed
      size: 35390
    - path: data/processed/metadata.json
      hash: md5
      md5: 51ab9000595ba191938b1d8f55765617
      size: 144
    - path: data/processed/riders.parquet
      hash: md5
      md5: 37c24a6592b7ce9d856b34c8c6543053
      size: 225477
    - path: data/processed/trips.parquet
      hash: md5
      md5: 9e7388867967cd235ffa5bc118ee63d0
      size: 3182675
  train:
    cmd: python -m src.evaluate --data-dir data/processed --out results/metrics.json --seed 0 --gnn-epochs 40 --gnn-patience 8 --gnn-lr 0.005 --deepwalk-dim 64 --walk-length 20 --walks-per-node 4 --deepwalk-epochs 3 --no-mlflow
    deps:
    - path: data/processed/drivers.parquet
      hash: md5
      md5: 5c06931613e313b4f1672345fbb4e1ed
      size: 35390
    - path: data/processed/riders.parquet
      hash: md5
      md5: 37c24a6592b7ce9d856b34c8c6543053
      size: 225477
    - path: data/processed/trips.parquet
      hash: md5
      md5: 9e7388867967cd235ffa5bc118ee63d0
      size: 3182675
    - path: src/baseline.py
      hash: md5
      md5: cd97a60fae9243655174b875328e8d80
      size: 7538
    - path: src/deepwalk.py
      hash: md5
      md5: ab04c255e80afbf5a2093fbb27e10dc5
      size: 11192
    - path: src/evaluate.py
      hash: md5
      md5: 45250bc9ef70ab047e0747168db95f4f
      size: 20278
    - path: src/gnn.py
      hash: md5
      md5: 99014f6a2b2d9a1d795f2ba2c5a63e85
      size: 29992
    - path: src/graph.py
      hash: md5
      md5: 7958d6b6ab94361e343797b073660c39
      size: 8493
    - path: src/serving.py
      hash: md5
      md5: 049e0ac6a4fce210a202837726dc37dc
      size: 8010
    - path: src/split.py
      hash: md5
      md5: f78702f201c078f249821775a91ab7f6
      size: 4345
    params:
      params.yaml:
        train:
          seed: 0
          gnn_epochs: 40
          gnn_patience: 8
          gnn_lr: 0.005
          deepwalk_dim: 64
          walk_length: 20
          walks_per_node: 4
          deepwalk_epochs: 3
    outs:
    - path: results/baseline.joblib
      hash: md5
      md5: c7eec4d709af6fd81676d3af2d7bef23
      size: 691718
    - path: results/baseline_deepwalk.joblib
      hash: md5
      md5: 3b861513decc7410b8d96a1edc550412
      size: 704918
    - path: results/baseline_graph_degrees.joblib
      hash: md5
      md5: 971833224a0cb17597579ac312bd354c
      size: 521670
    - path: results/graphsage.pt
      hash: md5
      md5: 1d7896fa1d2d3fba69e47d3e011f1e2d
      size: 15465
    - path: results/graphsage_no_edges.pt
      hash: md5
      md5: 067a09179bf164215dbb0646bdc1330d
      size: 15591
    - path: results/metrics.json
      hash: md5
      md5: fcc034061eff8fb6f5d189dd2b751f32
      size: 5869
    - path: results/predictions.parquet
      hash: md5
      md5: 748b6dea27e5fa7da6de92c1eb19e8b3
      size: 1200441
    - path: results/serving/candidate_rings.json
      hash: md5
      md5: c8f3da149df85f4784bf0948c8bf78b2
      size: 588597
    - path: results/serving/manifest.json
      hash: md5
      md5: fb7b36d8008dc47b84469b26cec2296e
      size: 346
    - path: results/serving/rider_scores.parquet
      hash: md5
      md5: 04d7b077ab022c715e26b32f7d5c380d
      size: 278163
